
Microsoft Visual Studio Solution File, Format Version 12.00
# Visual Studio Version 16
VisualStudioVersion = 16.0.31229.75
MinimumVisualStudioVersion = 10.0.40219.1
Project("{2150E333-8FDC-42A3-9474-1A3956D46DE8}") = "Orders", "Orders", "{F9DE06EF-24A1-4948-A626-D68A3C12A479}"
EndProject
Project("{2150E333-8FDC-42A3-9474-1A3956D46DE8}") = "Common", "Common", "{A9945398-CB81-4561-AF77-5C210A43BF91}"
EndProject
Project("{9A19103F-16F7-4668-BE54-9A1E7A4F7556}") = "Master.Microservices.Common", "Master.Microservices\Common\Master.Microservices.Common\Master.Microservices.Common.csproj", "{4B08BEB4-C38E-4E88-8E30-78DC1F6417C1}"
EndProject
Project("{2150E333-8FDC-42A3-9474-1A3956D46DE8}") = "Payments", "Payments", "{0906E812-02B9-4CE3-BD09-BD409CC2F551}"
EndProject
Project("{9A19103F-16F7-4668-BE54-9A1E7A4F7556}") = "Master.Microservices.Payments", "Master.Microservices\Payments\Master.Microservices.Payments\Master.Microservices.Payments.csproj", "{270AF340-991D-4DCD-80C8-31B7C6F091BD}"
EndProject
Project("{9A19103F-16F7-4668-BE54-9A1E7A4F7556}") = "Master.Microservices.Payments.Host", "Master.Microservices\Payments\Master.Microservices.Payments.Host\Master.Microservices.Payments.Host.csproj", "{61288BD8-B147-4316-9A78-91BA207E5C9E}"
EndProject
Project("{9A19103F-16F7-4668-BE54-9A1E7A4F7556}") = "Master.Microservices.Payments.DataAccess", "Master.Microservices\Payments\Master.Microservices.Payments.DataAccess\Master.Microservices.Payments.DataAccess.csproj", "{90CCD5C2-CE90-4A50-8409-46730E7CF04E}"
EndProject
Project("{9A19103F-16F7-4668-BE54-9A1E7A4F7556}") = "Master.Microservices.Orders.DataAccess", "Master.Microservices\Orders\Master.Microservices.Orders.DataAccess\Master.Microservices.Orders.DataAccess.csproj", "{76C13637-7B44-4992-AA28-0A954C332904}"
EndProject
Project("{9A19103F-16F7-4668-BE54-9A1E7A4F7556}") = "Master.Microservices.Orders", "Master.Microservices\Orders\Master.Microservices.Orders\Master.Microservices.Orders.csproj", "{49536C74-159D-4168-990C-0773437AA19A}"
EndProject
Project("{9A19103F-16F7-4668-BE54-9A1E7A4F7556}") = "Master.Microservices.Orders.Host", "Master.Microservices\Orders\Master.Microservices.Orders.Host\Master.Microservices.Orders.Host.csproj", "{342E21BA-23AF-404D-9E40-F576AA9D0A52}"
EndProject
Project("{2150E333-8FDC-42A3-9474-1A3956D46DE8}") = "WebStatus", "WebStatus", "{E7970223-0E73-4929-865F-EC8EAF1399EC}"
EndProject
Project("{9A19103F-16F7-4668-BE54-9A1E7A4F7556}") = "Master.Microservices.WebStatus", "Master.Microservices\HealthCheck\Master.Microservices.WebStatus\Master.Microservices.WebStatus.csproj", "{0C7AD42B-7B8E-46D4-877E-79EE9657A50E}"
EndProject
Project("{E53339B2-1760-4266-BCC7-CA923CBCF16C}") = "docker-compose", "docker-compose.dcproj", "{B1B9FD90-459E-405C-B573-371250918D62}"
EndProject
Global
	GlobalSection(SolutionConfigurationPlatforms) = preSolution
		Debug|Any CPU = Debug|Any CPU
		Release|Any CPU = Release|Any CPU
	EndGlobalSection
	GlobalSection(ProjectConfigurationPlatforms) = postSolution
		{4B08BEB4-C38E-4E88-8E30-78DC1F6417C1}.Debug|Any CPU.ActiveCfg = Debug|Any CPU
		{4B08BEB4-C38E-4E88-8E30-78DC1F6417C1}.Debug|Any CPU.Build.0 = Debug|Any CPU
		{4B08BEB4-C38E-4E88-8E30-78DC1F6417C1}.Release|Any CPU.ActiveCfg = Release|Any CPU
		{4B08BEB4-C38E-4E88-8E30-78DC1F6417C1}.Release|Any CPU.Build.0 = Release|Any CPU
		{270AF340-991D-4DCD-80C8-31B7C6F091BD}.Debug|Any CPU.ActiveCfg = Debug|Any CPU
		{270AF340-991D-4DCD-80C8-31B7C6F091BD}.Debug|Any CPU.Build.0 = Debug|Any CPU
		{270AF340-991D-4DCD-80C8-31B7C6F091BD}.Release|Any CPU.ActiveCfg = Release|Any CPU
		{270AF340-991D-4DCD-80C8-31B7C6F091BD}.Release|Any CPU.Build.0 = Release|Any CPU
		{61288BD8-B147-4316-9A78-91BA207E5C9E}.Debug|Any CPU.ActiveCfg = Debug|Any CPU
		{61288BD8-B147-4316-9A78-91BA207E5C9E}.Debug|Any CPU.Build.0 = Debug|Any CPU
		{61288BD8-B147-4316-9A78-91BA207E5C9E}.Release|Any CPU.ActiveCfg = Release|Any CPU
		{61288BD8-B147-4316-9A78-91BA207E5C9E}.Release|Any CPU.Build.0 = Release|Any CPU
		{90CCD5C2-CE90-4A50-8409-46730E7CF04E}.Debug|Any CPU.ActiveCfg = Debug|Any CPU
		{90CCD5C2-CE90-4A50-8409-46730E7CF04E}.Debug|Any CPU.Build.0 = Debug|Any CPU
		{90CCD5C2-CE90-4A50-8409-46730E7CF04E}.Release|Any CPU.ActiveCfg = Release|Any CPU
		{90CCD5C2-CE90-4A50-8409-46730E7CF04E}.Release|Any CPU.Build.0 = Release|Any CPU
		{76C13637-7B44-4992-AA28-0A954C332904}.Debug|Any CPU.ActiveCfg = Debug|Any CPU
		{76C13637-7B44-4992-AA28-0A954C332904}.Debug|Any CPU.Build.0 = Debug|Any CPU
		{76C13637-7B44-4992-AA28-0A954C332904}.Release|Any CPU.ActiveCfg = Release|Any CPU
		{76C13637-7B44-4992-AA28-0A954C332904}.Release|Any CPU.Build.0 = Release|Any CPU
		{49536C74-159D-4168-990C-0773437AA19A}.Debug|Any CPU.ActiveCfg = Debug|Any CPU
		{49536C74-159D-4168-990C-0773437AA19A}.Debug|Any CPU.Build.0 = Debug|Any CPU
		{49536C74-159D-4168-990C-0773437AA19A}.Release|Any CPU.ActiveCfg = Release|Any CPU
		{49536C74-159D-4168-990C-0773437AA19A}.Release|Any CPU.Build.0 = Release|Any CPU
		{342E21BA-23AF-404D-9E40-F576AA9D0A52}.Debug|Any CPU.ActiveCfg = Debug|Any CPU
		{342E21BA-23AF-404D-9E40-F576AA9D0A52}.Debug|Any CPU.Build.0 = Debug|Any CPU
		{342E21BA-23AF-404D-9E40-F576AA9D0A52}.Release|Any CPU.ActiveCfg = Release|Any CPU
		{342E21BA-23AF-404D-9E40-F576AA9D0A52}.Release|Any CPU.Build.0 = Release|Any CPU
		{0C7AD42B-7B8E-46D4-877E-79EE9657A50E}.Debug|Any CPU.ActiveCfg = Debug|Any CPU
		{0C7AD42B-7B8E-46D4-877E-79EE9657A50E}.Debug|Any CPU.Build.0 = Debug|Any CPU
		{0C7AD42B-7B8E-46D4-877E-79EE9657A50E}.Release|Any CPU.ActiveCfg = Release|Any CPU
		{0C7AD42B-7B8E-46D4-877E-79EE9657A50E}.Release|Any CPU.Build.0 = Release|Any CPU
		{B1B9FD90-459E-405C-B573-371250918D62}.Debug|Any CPU.ActiveCfg = Debug|Any CPU
		{B1B9FD90-459E-405C-B573-371250918D62}.Debug|Any CPU.Build.0 = Debug|Any CPU
		{B1B9FD90-459E-405C-B573-371250918D62}.Release|Any CPU.ActiveCfg = Release|Any CPU
		{B1B9FD90-459E-405C-B573-371250918D62}.Release|Any CPU.Build.0 = Release|Any CPU
	EndGlobalSection
	GlobalSection(SolutionProperties) = preSolution
		HideSolutionNode = FALSE
	EndGlobalSection
	GlobalSection(NestedProjects) = preSolution
		{4B08BEB4-C38E-4E88-8E30-78DC1F6417C1} = {A9945398-CB81-4561-AF77-5C210A43BF91}
		{270AF340-991D-4DCD-80C8-31B7C6F091BD} = {0906E812-02B9-4CE3-BD09-BD409CC2F551}
		{61288BD8-B147-4316-9A78-91BA207E5C9E} = {0906E812-02B9-4CE3-BD09-BD409CC2F551}
		{90CCD5C2-CE90-4A50-8409-46730E7CF04E} = {0906E812-02B9-4CE3-BD09-BD409CC2F551}
		{76C13637-7B44-4992-AA28-0A954C332904} = {F9DE06EF-24A1-4948-A626-D68A3C12A479}
		{49536C74-159D-4168-990C-0773437AA19A} = {F9DE06EF-24A1-4948-A626-D68A3C12A479}
		{342E21BA-23AF-404D-9E40-F576AA9D0A52} = {F9DE06EF-24A1-4948-A626-D68A3C12A479}
		{0C7AD42B-7B8E-46D4-877E-79EE9657A50E} = {E7970223-0E73-4929-865F-EC8EAF1399EC}
	EndGlobalSection
	GlobalSection(ExtensibilityGlobals) = postSolution
		SolutionGuid = {C7532979-E6CF-4A5C-91EE-EC2108988815}
	EndGlobalSection
EndGlobal
