
Microsoft Visual Studio Solution File, Format Version 12.00
# Visual Studio Version 16
VisualStudioVersion = 16.0.31229.75
MinimumVisualStudioVersion = 10.0.40219.1
Project("{9A19103F-16F7-4668-BE54-9A1E7A4F7556}") = "Master.Web.Host", "Master.Web\Master.Web.Host\Master.Web.Host.csproj", "{2D3DF0F3-0A54-40DE-8E15-3CBF8A9D6372}"
EndProject
Project("{9A19103F-16F7-4668-BE54-9A1E7A4F7556}") = "Master.Web.Api", "Master.Web\Master.Web.Api\Master.Web.Api.csproj", "{21678737-9409-43A5-8916-C182EEB5CDA7}"
EndProject
Project("{2150E333-8FDC-42A3-9474-1A3956D46DE8}") = "Solution Items", "Solution Items", "{76DF7C2F-0B4C-4219-8CAC-28C3C8611333}"
	ProjectSection(SolutionItems) = preProject
		Security.md = Security.md
	EndProjectSection
EndProject
Global
	GlobalSection(SolutionConfigurationPlatforms) = preSolution
		Debug|Any CPU = Debug|Any CPU
		Release|Any CPU = Release|Any CPU
	EndGlobalSection
	GlobalSection(ProjectConfigurationPlatforms) = postSolution
		{2D3DF0F3-0A54-40DE-8E15-3CBF8A9D6372}.Debug|Any CPU.ActiveCfg = Debug|Any CPU
		{2D3DF0F3-0A54-40DE-8E15-3CBF8A9D6372}.Debug|Any CPU.Build.0 = Debug|Any CPU
		{2D3DF0F3-0A54-40DE-8E15-3CBF8A9D6372}.Release|Any CPU.ActiveCfg = Release|Any CPU
		{2D3DF0F3-0A54-40DE-8E15-3CBF8A9D6372}.Release|Any CPU.Build.0 = Release|Any CPU
		{21678737-9409-43A5-8916-C182EEB5CDA7}.Debug|Any CPU.ActiveCfg = Debug|Any CPU
		{21678737-9409-43A5-8916-C182EEB5CDA7}.Debug|Any CPU.Build.0 = Debug|Any CPU
		{21678737-9409-43A5-8916-C182EEB5CDA7}.Release|Any CPU.ActiveCfg = Release|Any CPU
		{21678737-9409-43A5-8916-C182EEB5CDA7}.Release|Any CPU.Build.0 = Release|Any CPU
	EndGlobalSection
	GlobalSection(SolutionProperties) = preSolution
		HideSolutionNode = FALSE
	EndGlobalSection
	GlobalSection(ExtensibilityGlobals) = postSolution
		SolutionGuid = {C7532979-E6CF-4A5C-91EE-EC2108988815}
	EndGlobalSection
EndGlobal
