
Microsoft Visual Studio Solution File, Format Version 12.00
# Visual Studio Version 16
VisualStudioVersion = 16.0.31624.102
MinimumVisualStudioVersion = 10.0.40219.1
Project("{9A19103F-16F7-4668-BE54-9A1E7A4F7556}") = "Master.Microservices.ApiGateway", "Master.ApiGateway\Master.Microservices.ApiGateway\Master.Microservices.ApiGateway.csproj", "{5DB5F269-ACB8-4A5C-A339-00D8DF8B82BB}"
EndProject
Project("{9A19103F-16F7-4668-BE54-9A1E7A4F7556}") = "Master.Microservices.ApiGateway.Client", "Master.ApiGateway\Master.Microservices.ApiGateway.Client\Master.Microservices.ApiGateway.Client.csproj", "{1D853727-FC00-405B-98E4-A8489447FEA8}"
EndProject
Global
	GlobalSection(SolutionConfigurationPlatforms) = preSolution
		Debug|Any CPU = Debug|Any CPU
		Release|Any CPU = Release|Any CPU
	EndGlobalSection
	GlobalSection(ProjectConfigurationPlatforms) = postSolution
		{5DB5F269-ACB8-4A5C-A339-00D8DF8B82BB}.Debug|Any CPU.ActiveCfg = Debug|Any CPU
		{5DB5F269-ACB8-4A5C-A339-00D8DF8B82BB}.Debug|Any CPU.Build.0 = Debug|Any CPU
		{5DB5F269-ACB8-4A5C-A339-00D8DF8B82BB}.Release|Any CPU.ActiveCfg = Release|Any CPU
		{5DB5F269-ACB8-4A5C-A339-00D8DF8B82BB}.Release|Any CPU.Build.0 = Release|Any CPU
		{1D853727-FC00-405B-98E4-A8489447FEA8}.Debug|Any CPU.ActiveCfg = Debug|Any CPU
		{1D853727-FC00-405B-98E4-A8489447FEA8}.Debug|Any CPU.Build.0 = Debug|Any CPU
		{1D853727-FC00-405B-98E4-A8489447FEA8}.Release|Any CPU.ActiveCfg = Release|Any CPU
		{1D853727-FC00-405B-98E4-A8489447FEA8}.Release|Any CPU.Build.0 = Release|Any CPU
	EndGlobalSection
	GlobalSection(SolutionProperties) = preSolution
		HideSolutionNode = FALSE
	EndGlobalSection
	GlobalSection(ExtensibilityGlobals) = postSolution
		SolutionGuid = {0B520A38-5F05-4162-8EC3-007A33AE2117}
	EndGlobalSection
EndGlobal
